
Microsoft Visual Studio Solution File, Format Version 12.00
# Visual Studio 15
VisualStudioVersion = 15.0.28010.2003
MinimumVisualStudioVersion = 10.0.40219.1
Project("{FAE04EC0-301F-11D3-BF4B-00C04F79EFBC}") = "Övning 13.1", "Övning 13.1\Övning 13.1.csproj", "{ACA03BF9-FE19-482D-86FA-03B670E3A52D}"
EndProject
Global
	GlobalSection(SolutionConfigurationPlatforms) = preSolution
		Debug|Any CPU = Debug|Any CPU
		Release|Any CPU = Release|Any CPU
	EndGlobalSection
	GlobalSection(ProjectConfigurationPlatforms) = postSolution
		{ACA03BF9-FE19-482D-86FA-03B670E3A52D}.Debug|Any CPU.ActiveCfg = Debug|Any CPU
		{ACA03BF9-FE19-482D-86FA-03B670E3A52D}.Debug|Any CPU.Build.0 = Debug|Any CPU
		{ACA03BF9-FE19-482D-86FA-03B670E3A52D}.Release|Any CPU.ActiveCfg = Release|Any CPU
		{ACA03BF9-FE19-482D-86FA-03B670E3A52D}.Release|Any CPU.Build.0 = Release|Any CPU
	EndGlobalSection
	GlobalSection(SolutionProperties) = preSolution
		HideSolutionNode = FALSE
	EndGlobalSection
	GlobalSection(ExtensibilityGlobals) = postSolution
		SolutionGuid = {6C6A437F-0C95-4DD3-9F95-27ED22949DB4}
	EndGlobalSection
EndGlobal
