
Microsoft Visual Studio Solution File, Format Version 12.00
# Visual Studio 15
VisualStudioVersion = 15.0.28010.2003
MinimumVisualStudioVersion = 10.0.40219.1
Project("{FAE04EC0-301F-11D3-BF4B-00C04F79EFBC}") = "Övning 3.2", "Övning 3.2\Övning 3.2.csproj", "{5D2E1FC6-E0D0-4BE6-9BE4-F86FE8DB0C0F}"
EndProject
Global
	GlobalSection(SolutionConfigurationPlatforms) = preSolution
		Debug|Any CPU = Debug|Any CPU
		Release|Any CPU = Release|Any CPU
	EndGlobalSection
	GlobalSection(ProjectConfigurationPlatforms) = postSolution
		{5D2E1FC6-E0D0-4BE6-9BE4-F86FE8DB0C0F}.Debug|Any CPU.ActiveCfg = Debug|Any CPU
		{5D2E1FC6-E0D0-4BE6-9BE4-F86FE8DB0C0F}.Debug|Any CPU.Build.0 = Debug|Any CPU
		{5D2E1FC6-E0D0-4BE6-9BE4-F86FE8DB0C0F}.Release|Any CPU.ActiveCfg = Release|Any CPU
		{5D2E1FC6-E0D0-4BE6-9BE4-F86FE8DB0C0F}.Release|Any CPU.Build.0 = Release|Any CPU
	EndGlobalSection
	GlobalSection(SolutionProperties) = preSolution
		HideSolutionNode = FALSE
	EndGlobalSection
	GlobalSection(ExtensibilityGlobals) = postSolution
		SolutionGuid = {ACF26947-5F86-45D8-9445-E9FFAD91F932}
	EndGlobalSection
EndGlobal
