
Microsoft Visual Studio Solution File, Format Version 12.00
# Visual Studio 15
VisualStudioVersion = 15.0.28010.2003
MinimumVisualStudioVersion = 10.0.40219.1
Project("{FAE04EC0-301F-11D3-BF4B-00C04F79EFBC}") = "Övning 12.1", "Övning 12.1\Övning 12.1.csproj", "{F97F612E-72BD-4392-85BE-5C12E7CEC8E6}"
EndProject
Global
	GlobalSection(SolutionConfigurationPlatforms) = preSolution
		Debug|Any CPU = Debug|Any CPU
		Release|Any CPU = Release|Any CPU
	EndGlobalSection
	GlobalSection(ProjectConfigurationPlatforms) = postSolution
		{F97F612E-72BD-4392-85BE-5C12E7CEC8E6}.Debug|Any CPU.ActiveCfg = Debug|Any CPU
		{F97F612E-72BD-4392-85BE-5C12E7CEC8E6}.Debug|Any CPU.Build.0 = Debug|Any CPU
		{F97F612E-72BD-4392-85BE-5C12E7CEC8E6}.Release|Any CPU.ActiveCfg = Release|Any CPU
		{F97F612E-72BD-4392-85BE-5C12E7CEC8E6}.Release|Any CPU.Build.0 = Release|Any CPU
	EndGlobalSection
	GlobalSection(SolutionProperties) = preSolution
		HideSolutionNode = FALSE
	EndGlobalSection
	GlobalSection(ExtensibilityGlobals) = postSolution
		SolutionGuid = {9E672024-5DBF-484F-BE2C-57A6E5E0BEC6}
	EndGlobalSection
EndGlobal
