
Microsoft Visual Studio Solution File, Format Version 12.00
# Visual Studio 15
VisualStudioVersion = 15.0.28010.2003
MinimumVisualStudioVersion = 10.0.40219.1
Project("{FAE04EC0-301F-11D3-BF4B-00C04F79EFBC}") = "Övning 11.6", "Övning 11.6\Övning 11.6.csproj", "{526C9227-9383-4046-921C-E8641E8998BC}"
EndProject
Global
	GlobalSection(SolutionConfigurationPlatforms) = preSolution
		Debug|Any CPU = Debug|Any CPU
		Release|Any CPU = Release|Any CPU
	EndGlobalSection
	GlobalSection(ProjectConfigurationPlatforms) = postSolution
		{526C9227-9383-4046-921C-E8641E8998BC}.Debug|Any CPU.ActiveCfg = Debug|Any CPU
		{526C9227-9383-4046-921C-E8641E8998BC}.Debug|Any CPU.Build.0 = Debug|Any CPU
		{526C9227-9383-4046-921C-E8641E8998BC}.Release|Any CPU.ActiveCfg = Release|Any CPU
		{526C9227-9383-4046-921C-E8641E8998BC}.Release|Any CPU.Build.0 = Release|Any CPU
	EndGlobalSection
	GlobalSection(SolutionProperties) = preSolution
		HideSolutionNode = FALSE
	EndGlobalSection
	GlobalSection(ExtensibilityGlobals) = postSolution
		SolutionGuid = {AB91ECBC-0D4F-4B99-80D6-F96B5842B398}
	EndGlobalSection
EndGlobal
