
Microsoft Visual Studio Solution File, Format Version 12.00
# Visual Studio 15
VisualStudioVersion = 15.0.28010.2003
MinimumVisualStudioVersion = 10.0.40219.1
Project("{FAE04EC0-301F-11D3-BF4B-00C04F79EFBC}") = "Övning 3.7", "Övning 3.7\Övning 3.7.csproj", "{FD0202C5-1F14-4021-90BA-330121BD8348}"
EndProject
Global
	GlobalSection(SolutionConfigurationPlatforms) = preSolution
		Debug|Any CPU = Debug|Any CPU
		Release|Any CPU = Release|Any CPU
	EndGlobalSection
	GlobalSection(ProjectConfigurationPlatforms) = postSolution
		{FD0202C5-1F14-4021-90BA-330121BD8348}.Debug|Any CPU.ActiveCfg = Debug|Any CPU
		{FD0202C5-1F14-4021-90BA-330121BD8348}.Debug|Any CPU.Build.0 = Debug|Any CPU
		{FD0202C5-1F14-4021-90BA-330121BD8348}.Release|Any CPU.ActiveCfg = Release|Any CPU
		{FD0202C5-1F14-4021-90BA-330121BD8348}.Release|Any CPU.Build.0 = Release|Any CPU
	EndGlobalSection
	GlobalSection(SolutionProperties) = preSolution
		HideSolutionNode = FALSE
	EndGlobalSection
	GlobalSection(ExtensibilityGlobals) = postSolution
		SolutionGuid = {DA6FDBC3-0174-445C-B95F-180837066524}
	EndGlobalSection
EndGlobal
