
Microsoft Visual Studio Solution File, Format Version 12.00
# Visual Studio 15
VisualStudioVersion = 15.0.28010.2003
MinimumVisualStudioVersion = 10.0.40219.1
Project("{FAE04EC0-301F-11D3-BF4B-00C04F79EFBC}") = "Övning 10.1", "Övning 10.1\Övning 10.1.csproj", "{8221DEB3-4CAD-4AF2-B05D-985134E7036D}"
EndProject
Global
	GlobalSection(SolutionConfigurationPlatforms) = preSolution
		Debug|Any CPU = Debug|Any CPU
		Release|Any CPU = Release|Any CPU
	EndGlobalSection
	GlobalSection(ProjectConfigurationPlatforms) = postSolution
		{8221DEB3-4CAD-4AF2-B05D-985134E7036D}.Debug|Any CPU.ActiveCfg = Debug|Any CPU
		{8221DEB3-4CAD-4AF2-B05D-985134E7036D}.Debug|Any CPU.Build.0 = Debug|Any CPU
		{8221DEB3-4CAD-4AF2-B05D-985134E7036D}.Release|Any CPU.ActiveCfg = Release|Any CPU
		{8221DEB3-4CAD-4AF2-B05D-985134E7036D}.Release|Any CPU.Build.0 = Release|Any CPU
	EndGlobalSection
	GlobalSection(SolutionProperties) = preSolution
		HideSolutionNode = FALSE
	EndGlobalSection
	GlobalSection(ExtensibilityGlobals) = postSolution
		SolutionGuid = {75A416E6-9026-449F-957B-AD37505C9566}
	EndGlobalSection
EndGlobal
